// !$*UTF8*$!
{
	archiveVersion = 1;
	classes = {
	};
	objectVersion = 46;
	objects = {

/* Begin PBXBuildFile section */
		E898828017FF2E4500180448 /* Friend.m in Sources */ = {isa = PBXBuildFile; fileRef = E898827F17FF2E4500180448 /* Friend.m */; };
		E898828417FF2EC800180448 /* Profile.m in Sources */ = {isa = PBXBuildFile; fileRef = E898828317FF2EC800180448 /* Profile.m */; };
		E898828A17FF2F4E00180448 /* LendInteraction.m in Sources */ = {isa = PBXBuildFile; fileRef = E898828917FF2F4E00180448 /* LendInteraction.m */; };
		E89882C417FF391800180448 /* Parse.framework in Frameworks */ = {isa = PBXBuildFile; fileRef = E89882C317FF391800180448 /* Parse.framework */; };
		F23AD95917FF17DB00C181FF /* Foundation.framework in Frameworks */ = {isa = PBXBuildFile; fileRef = F23AD95817FF17DB00C181FF /* Foundation.framework */; };
		F23AD95B17FF17DB00C181FF /* CoreGraphics.framework in Frameworks */ = {isa = PBXBuildFile; fileRef = F23AD95A17FF17DB00C181FF /* CoreGraphics.framework */; };
		F23AD95D17FF17DB00C181FF /* UIKit.framework in Frameworks */ = {isa = PBXBuildFile; fileRef = F23AD95C17FF17DB00C181FF /* UIKit.framework */; };
		F23AD96317FF17DB00C181FF /* InfoPlist.strings in Resources */ = {isa = PBXBuildFile; fileRef = F23AD96117FF17DB00C181FF /* InfoPlist.strings */; };
		F23AD96517FF17DB00C181FF /* main.m in Sources */ = {isa = PBXBuildFile; fileRef = F23AD96417FF17DB00C181FF /* main.m */; };
		F23AD96917FF17DB00C181FF /* AppDelegate.m in Sources */ = {isa = PBXBuildFile; fileRef = F23AD96817FF17DB00C181FF /* AppDelegate.m */; };
		F23AD97417FF17DB00C181FF /* Images.xcassets in Resources */ = {isa = PBXBuildFile; fileRef = F23AD97317FF17DB00C181FF /* Images.xcassets */; };
		F23AD97B17FF17DC00C181FF /* XCTest.framework in Frameworks */ = {isa = PBXBuildFile; fileRef = F23AD97A17FF17DC00C181FF /* XCTest.framework */; };
		F23AD97C17FF17DC00C181FF /* Foundation.framework in Frameworks */ = {isa = PBXBuildFile; fileRef = F23AD95817FF17DB00C181FF /* Foundation.framework */; };
		F23AD97D17FF17DC00C181FF /* UIKit.framework in Frameworks */ = {isa = PBXBuildFile; fileRef = F23AD95C17FF17DB00C181FF /* UIKit.framework */; };
		F23AD98517FF17DC00C181FF /* InfoPlist.strings in Resources */ = {isa = PBXBuildFile; fileRef = F23AD98317FF17DC00C181FF /* InfoPlist.strings */; };
		F23AD98717FF17DC00C181FF /* pokeTests.m in Sources */ = {isa = PBXBuildFile; fileRef = F23AD98617FF17DC00C181FF /* pokeTests.m */; };
		F23AD99317FF1A0500C181FF /* Parse.framework in Frameworks */ = {isa = PBXBuildFile; fileRef = F23AD99117FF1A0500C181FF /* Parse.framework */; };
		F23AD9A817FF1A4600C181FF /* RootViewController.m in Sources */ = {isa = PBXBuildFile; fileRef = F23AD9A717FF1A4600C181FF /* RootViewController.m */; };
		F23AD9B417FF1AD300C181FF /* AdSupport.framework in Frameworks */ = {isa = PBXBuildFile; fileRef = F23AD9AA17FF1AD300C181FF /* AdSupport.framework */; };
		F23AD9B517FF1AD300C181FF /* AVFoundation.framework in Frameworks */ = {isa = PBXBuildFile; fileRef = F23AD9AB17FF1AD300C181FF /* AVFoundation.framework */; };
		F23AD9B617FF1AD300C181FF /* CFNetwork.framework in Frameworks */ = {isa = PBXBuildFile; fileRef = F23AD9AC17FF1AD300C181FF /* CFNetwork.framework */; };
		F23AD9B717FF1AD300C181FF /* CoreData.framework in Frameworks */ = {isa = PBXBuildFile; fileRef = F23AD9AD17FF1AD300C181FF /* CoreData.framework */; };
		F23AD9B817FF1AD300C181FF /* CoreFoundation.framework in Frameworks */ = {isa = PBXBuildFile; fileRef = F23AD9AE17FF1AD300C181FF /* CoreFoundation.framework */; };
		F23AD9B917FF1AD300C181FF /* EventKit.framework in Frameworks */ = {isa = PBXBuildFile; fileRef = F23AD9AF17FF1AD300C181FF /* EventKit.framework */; };
		F23AD9BA17FF1AD300C181FF /* Security.framework in Frameworks */ = {isa = PBXBuildFile; fileRef = F23AD9B017FF1AD300C181FF /* Security.framework */; };
		F23AD9BB17FF1AD300C181FF /* Social.framework in Frameworks */ = {isa = PBXBuildFile; fileRef = F23AD9B117FF1AD300C181FF /* Social.framework */; };
		F23AD9BC17FF1AD300C181FF /* StoreKit.framework in Frameworks */ = {isa = PBXBuildFile; fileRef = F23AD9B217FF1AD300C181FF /* StoreKit.framework */; };
		F23AD9BD17FF1AD300C181FF /* SystemConfiguration.framework in Frameworks */ = {isa = PBXBuildFile; fileRef = F23AD9B317FF1AD300C181FF /* SystemConfiguration.framework */; };
		F23AD9BF17FF1D5100C181FF /* AudioToolbox.framework in Frameworks */ = {isa = PBXBuildFile; fileRef = F23AD9BE17FF1D5100C181FF /* AudioToolbox.framework */; };
		F23AD9C117FF1DA700C181FF /* CoreLocation.framework in Frameworks */ = {isa = PBXBuildFile; fileRef = F23AD9C017FF1DA700C181FF /* CoreLocation.framework */; };
		F23AD9C317FF1DB000C181FF /* libz.1.1.3.dylib in Frameworks */ = {isa = PBXBuildFile; fileRef = F23AD9C217FF1DB000C181FF /* libz.1.1.3.dylib */; };
		F23AD9C517FF1DB900C181FF /* MobileCoreServices.framework in Frameworks */ = {isa = PBXBuildFile; fileRef = F23AD9C417FF1DB900C181FF /* MobileCoreServices.framework */; };
		F23AD9C717FF1DC300C181FF /* QuartzCore.framework in Frameworks */ = {isa = PBXBuildFile; fileRef = F23AD9C617FF1DC300C181FF /* QuartzCore.framework */; };
		F23AD9C917FF1E7100C181FF /* libsqlite3.dylib in Frameworks */ = {isa = PBXBuildFile; fileRef = F23AD9C817FF1E7100C181FF /* libsqlite3.dylib */; };
		F23AD9CE17FF2F1200C181FF /* MainTableCell.m in Sources */ = {isa = PBXBuildFile; fileRef = F23AD9CD17FF2F1200C181FF /* MainTableCell.m */; };
		F23AD9D317FF49FE00C181FF /* UIColor+Utils.m in Sources */ = {isa = PBXBuildFile; fileRef = F23AD9D217FF49FE00C181FF /* UIColor+Utils.m */; };
		F23AD9E217FF514000C181FF /* BaseDataHandler.m in Sources */ = {isa = PBXBuildFile; fileRef = F23AD9D917FF514000C181FF /* BaseDataHandler.m */; };
		F23AD9E317FF514000C181FF /* BaseDataObject.m in Sources */ = {isa = PBXBuildFile; fileRef = F23AD9DB17FF514000C181FF /* BaseDataObject.m */; };
		F23AD9E417FF514000C181FF /* CompositeDataHandler.m in Sources */ = {isa = PBXBuildFile; fileRef = F23AD9DE17FF514000C181FF /* CompositeDataHandler.m */; };
		F23AD9F317FF519000C181FF /* ParseDataHandler.m in Sources */ = {isa = PBXBuildFile; fileRef = F23AD9E817FF519000C181FF /* ParseDataHandler.m */; };
		F23AD9F417FF519000C181FF /* ParseObjectHelper.m in Sources */ = {isa = PBXBuildFile; fileRef = F23AD9EA17FF519000C181FF /* ParseObjectHelper.m */; };
		F23AD9F517FF519000C181FF /* QueryConstrains.m in Sources */ = {isa = PBXBuildFile; fileRef = F23AD9F017FF519000C181FF /* QueryConstrains.m */; };
		F23AD9F617FF519000C181FF /* SQLiteDataHandler.m in Sources */ = {isa = PBXBuildFile; fileRef = F23AD9F217FF519000C181FF /* SQLiteDataHandler.m */; };
		F24E612B17FF64840048254B /* MainView.m in Sources */ = {isa = PBXBuildFile; fileRef = F24E612A17FF64840048254B /* MainView.m */; };
		F24E613017FF88AD0048254B /* NSTimer+Blocks.m in Sources */ = {isa = PBXBuildFile; fileRef = F24E612F17FF88AD0048254B /* NSTimer+Blocks.m */; };
		F2B5551317FF925A00411F7A /* NewLend.m in Sources */ = {isa = PBXBuildFile; fileRef = F2B5551217FF925A00411F7A /* NewLend.m */; };
/* End PBXBuildFile section */

/* Begin PBXContainerItemProxy section */
		F23AD97E17FF17DC00C181FF /* PBXContainerItemProxy */ = {
			isa = PBXContainerItemProxy;
			containerPortal = F23AD94D17FF17DB00C181FF /* Project object */;
			proxyType = 1;
			remoteGlobalIDString = F23AD95417FF17DB00C181FF;
			remoteInfo = poke;
		};
/* End PBXContainerItemProxy section */

/* Begin PBXFileReference section */
		E898827E17FF2E4500180448 /* Friend.h */ = {isa = PBXFileReference; fileEncoding = 4; lastKnownFileType = sourcecode.c.h; name = Friend.h; path = Model/Friend.h; sourceTree = "<group>"; };
		E898827F17FF2E4500180448 /* Friend.m */ = {isa = PBXFileReference; fileEncoding = 4; lastKnownFileType = sourcecode.c.objc; name = Friend.m; path = Model/Friend.m; sourceTree = "<group>"; };
		E898828217FF2EC800180448 /* Profile.h */ = {isa = PBXFileReference; fileEncoding = 4; lastKnownFileType = sourcecode.c.h; name = Profile.h; path = Model/Profile.h; sourceTree = "<group>"; };
		E898828317FF2EC800180448 /* Profile.m */ = {isa = PBXFileReference; fileEncoding = 4; lastKnownFileType = sourcecode.c.objc; name = Profile.m; path = Model/Profile.m; sourceTree = "<group>"; };
		E898828817FF2F4E00180448 /* LendInteraction.h */ = {isa = PBXFileReference; fileEncoding = 4; lastKnownFileType = sourcecode.c.h; path = LendInteraction.h; sourceTree = "<group>"; };
		E898828917FF2F4E00180448 /* LendInteraction.m */ = {isa = PBXFileReference; fileEncoding = 4; lastKnownFileType = sourcecode.c.objc; path = LendInteraction.m; sourceTree = "<group>"; };
		E89882C317FF391800180448 /* Parse.framework */ = {isa = PBXFileReference; lastKnownFileType = wrapper.framework; name = Parse.framework; path = poke/Parse.framework; sourceTree = "<group>"; };
		F23AD95517FF17DB00C181FF /* poke.app */ = {isa = PBXFileReference; explicitFileType = wrapper.application; includeInIndex = 0; path = poke.app; sourceTree = BUILT_PRODUCTS_DIR; };
		F23AD95817FF17DB00C181FF /* Foundation.framework */ = {isa = PBXFileReference; lastKnownFileType = wrapper.framework; name = Foundation.framework; path = System/Library/Frameworks/Foundation.framework; sourceTree = SDKROOT; };
		F23AD95A17FF17DB00C181FF /* CoreGraphics.framework */ = {isa = PBXFileReference; lastKnownFileType = wrapper.framework; name = CoreGraphics.framework; path = System/Library/Frameworks/CoreGraphics.framework; sourceTree = SDKROOT; };
		F23AD95C17FF17DB00C181FF /* UIKit.framework */ = {isa = PBXFileReference; lastKnownFileType = wrapper.framework; name = UIKit.framework; path = System/Library/Frameworks/UIKit.framework; sourceTree = SDKROOT; };
		F23AD96017FF17DB00C181FF /* poke-Info.plist */ = {isa = PBXFileReference; lastKnownFileType = text.plist.xml; path = "poke-Info.plist"; sourceTree = "<group>"; };
		F23AD96217FF17DB00C181FF /* en */ = {isa = PBXFileReference; lastKnownFileType = text.plist.strings; name = en; path = en.lproj/InfoPlist.strings; sourceTree = "<group>"; };
		F23AD96417FF17DB00C181FF /* main.m */ = {isa = PBXFileReference; lastKnownFileType = sourcecode.c.objc; path = main.m; sourceTree = "<group>"; };
		F23AD96617FF17DB00C181FF /* poke-Prefix.pch */ = {isa = PBXFileReference; lastKnownFileType = sourcecode.c.h; path = "poke-Prefix.pch"; sourceTree = "<group>"; };
		F23AD96717FF17DB00C181FF /* AppDelegate.h */ = {isa = PBXFileReference; lastKnownFileType = sourcecode.c.h; path = AppDelegate.h; sourceTree = "<group>"; };
		F23AD96817FF17DB00C181FF /* AppDelegate.m */ = {isa = PBXFileReference; lastKnownFileType = sourcecode.c.objc; path = AppDelegate.m; sourceTree = "<group>"; };
		F23AD97317FF17DB00C181FF /* Images.xcassets */ = {isa = PBXFileReference; lastKnownFileType = folder.assetcatalog; path = Images.xcassets; sourceTree = "<group>"; };
		F23AD97917FF17DC00C181FF /* pokeTests.xctest */ = {isa = PBXFileReference; explicitFileType = wrapper.cfbundle; includeInIndex = 0; path = pokeTests.xctest; sourceTree = BUILT_PRODUCTS_DIR; };
		F23AD97A17FF17DC00C181FF /* XCTest.framework */ = {isa = PBXFileReference; lastKnownFileType = wrapper.framework; name = XCTest.framework; path = Library/Frameworks/XCTest.framework; sourceTree = DEVELOPER_DIR; };
		F23AD98217FF17DC00C181FF /* pokeTests-Info.plist */ = {isa = PBXFileReference; lastKnownFileType = text.plist.xml; path = "pokeTests-Info.plist"; sourceTree = "<group>"; };
		F23AD98417FF17DC00C181FF /* en */ = {isa = PBXFileReference; lastKnownFileType = text.plist.strings; name = en; path = en.lproj/InfoPlist.strings; sourceTree = "<group>"; };
		F23AD98617FF17DC00C181FF /* pokeTests.m */ = {isa = PBXFileReference; lastKnownFileType = sourcecode.c.objc; path = pokeTests.m; sourceTree = "<group>"; };
		F23AD99117FF1A0500C181FF /* Parse.framework */ = {isa = PBXFileReference; lastKnownFileType = wrapper.framework; name = Parse.framework; path = poke/Parse.framework; sourceTree = "<group>"; };
		F23AD9A617FF1A4600C181FF /* RootViewController.h */ = {isa = PBXFileReference; fileEncoding = 4; lastKnownFileType = sourcecode.c.h; path = RootViewController.h; sourceTree = "<group>"; };
		F23AD9A717FF1A4600C181FF /* RootViewController.m */ = {isa = PBXFileReference; fileEncoding = 4; lastKnownFileType = sourcecode.c.objc; path = RootViewController.m; sourceTree = "<group>"; };
		F23AD9AA17FF1AD300C181FF /* AdSupport.framework */ = {isa = PBXFileReference; lastKnownFileType = wrapper.framework; name = AdSupport.framework; path = System/Library/Frameworks/AdSupport.framework; sourceTree = SDKROOT; };
		F23AD9AB17FF1AD300C181FF /* AVFoundation.framework */ = {isa = PBXFileReference; lastKnownFileType = wrapper.framework; name = AVFoundation.framework; path = System/Library/Frameworks/AVFoundation.framework; sourceTree = SDKROOT; };
		F23AD9AC17FF1AD300C181FF /* CFNetwork.framework */ = {isa = PBXFileReference; lastKnownFileType = wrapper.framework; name = CFNetwork.framework; path = System/Library/Frameworks/CFNetwork.framework; sourceTree = SDKROOT; };
		F23AD9AD17FF1AD300C181FF /* CoreData.framework */ = {isa = PBXFileReference; lastKnownFileType = wrapper.framework; name = CoreData.framework; path = System/Library/Frameworks/CoreData.framework; sourceTree = SDKROOT; };
		F23AD9AE17FF1AD300C181FF /* CoreFoundation.framework */ = {isa = PBXFileReference; lastKnownFileType = wrapper.framework; name = CoreFoundation.framework; path = System/Library/Frameworks/CoreFoundation.framework; sourceTree = SDKROOT; };
		F23AD9AF17FF1AD300C181FF /* EventKit.framework */ = {isa = PBXFileReference; lastKnownFileType = wrapper.framework; name = EventKit.framework; path = System/Library/Frameworks/EventKit.framework; sourceTree = SDKROOT; };
		F23AD9B017FF1AD300C181FF /* Security.framework */ = {isa = PBXFileReference; lastKnownFileType = wrapper.framework; name = Security.framework; path = System/Library/Frameworks/Security.framework; sourceTree = SDKROOT; };
		F23AD9B117FF1AD300C181FF /* Social.framework */ = {isa = PBXFileReference; lastKnownFileType = wrapper.framework; name = Social.framework; path = System/Library/Frameworks/Social.framework; sourceTree = SDKROOT; };
		F23AD9B217FF1AD300C181FF /* StoreKit.framework */ = {isa = PBXFileReference; lastKnownFileType = wrapper.framework; name = StoreKit.framework; path = System/Library/Frameworks/StoreKit.framework; sourceTree = SDKROOT; };
		F23AD9B317FF1AD300C181FF /* SystemConfiguration.framework */ = {isa = PBXFileReference; lastKnownFileType = wrapper.framework; name = SystemConfiguration.framework; path = System/Library/Frameworks/SystemConfiguration.framework; sourceTree = SDKROOT; };
		F23AD9BE17FF1D5100C181FF /* AudioToolbox.framework */ = {isa = PBXFileReference; lastKnownFileType = wrapper.framework; name = AudioToolbox.framework; path = System/Library/Frameworks/AudioToolbox.framework; sourceTree = SDKROOT; };
		F23AD9C017FF1DA700C181FF /* CoreLocation.framework */ = {isa = PBXFileReference; lastKnownFileType = wrapper.framework; name = CoreLocation.framework; path = System/Library/Frameworks/CoreLocation.framework; sourceTree = SDKROOT; };
		F23AD9C217FF1DB000C181FF /* libz.1.1.3.dylib */ = {isa = PBXFileReference; lastKnownFileType = "compiled.mach-o.dylib"; name = libz.1.1.3.dylib; path = usr/lib/libz.1.1.3.dylib; sourceTree = SDKROOT; };
		F23AD9C417FF1DB900C181FF /* MobileCoreServices.framework */ = {isa = PBXFileReference; lastKnownFileType = wrapper.framework; name = MobileCoreServices.framework; path = System/Library/Frameworks/MobileCoreServices.framework; sourceTree = SDKROOT; };
		F23AD9C617FF1DC300C181FF /* QuartzCore.framework */ = {isa = PBXFileReference; lastKnownFileType = wrapper.framework; name = QuartzCore.framework; path = System/Library/Frameworks/QuartzCore.framework; sourceTree = SDKROOT; };
		F23AD9C817FF1E7100C181FF /* libsqlite3.dylib */ = {isa = PBXFileReference; lastKnownFileType = "compiled.mach-o.dylib"; name = libsqlite3.dylib; path = usr/lib/libsqlite3.dylib; sourceTree = SDKROOT; };
		F23AD9CC17FF2F1200C181FF /* MainTableCell.h */ = {isa = PBXFileReference; fileEncoding = 4; lastKnownFileType = sourcecode.c.h; name = MainTableCell.h; path = Views/Cell/MainTableCell.h; sourceTree = "<group>"; };
		F23AD9CD17FF2F1200C181FF /* MainTableCell.m */ = {isa = PBXFileReference; fileEncoding = 4; lastKnownFileType = sourcecode.c.objc; name = MainTableCell.m; path = Views/Cell/MainTableCell.m; sourceTree = "<group>"; };
		F23AD9D117FF49FE00C181FF /* UIColor+Utils.h */ = {isa = PBXFileReference; fileEncoding = 4; lastKnownFileType = sourcecode.c.h; path = "UIColor+Utils.h"; sourceTree = "<group>"; };
		F23AD9D217FF49FE00C181FF /* UIColor+Utils.m */ = {isa = PBXFileReference; fileEncoding = 4; lastKnownFileType = sourcecode.c.objc; path = "UIColor+Utils.m"; sourceTree = "<group>"; };
		F23AD9D817FF514000C181FF /* BaseDataHandler.h */ = {isa = PBXFileReference; fileEncoding = 4; lastKnownFileType = sourcecode.c.h; path = BaseDataHandler.h; sourceTree = "<group>"; };
		F23AD9D917FF514000C181FF /* BaseDataHandler.m */ = {isa = PBXFileReference; fileEncoding = 4; lastKnownFileType = sourcecode.c.objc; path = BaseDataHandler.m; sourceTree = "<group>"; };
		F23AD9DA17FF514000C181FF /* BaseDataObject.h */ = {isa = PBXFileReference; fileEncoding = 4; lastKnownFileType = sourcecode.c.h; path = BaseDataObject.h; sourceTree = "<group>"; };
		F23AD9DB17FF514000C181FF /* BaseDataObject.m */ = {isa = PBXFileReference; fileEncoding = 4; lastKnownFileType = sourcecode.c.objc; path = BaseDataObject.m; sourceTree = "<group>"; };
		F23AD9DC17FF514000C181FF /* BaseDataObjectProtocoll.h */ = {isa = PBXFileReference; fileEncoding = 4; lastKnownFileType = sourcecode.c.h; path = BaseDataObjectProtocoll.h; sourceTree = "<group>"; };
		F23AD9DD17FF514000C181FF /* CompositeDataHandler.h */ = {isa = PBXFileReference; fileEncoding = 4; lastKnownFileType = sourcecode.c.h; path = CompositeDataHandler.h; sourceTree = "<group>"; };
		F23AD9DE17FF514000C181FF /* CompositeDataHandler.m */ = {isa = PBXFileReference; fileEncoding = 4; lastKnownFileType = sourcecode.c.objc; path = CompositeDataHandler.m; sourceTree = "<group>"; };
		F23AD9DF17FF514000C181FF /* DataLayer.h */ = {isa = PBXFileReference; fileEncoding = 4; lastKnownFileType = sourcecode.c.h; path = DataLayer.h; sourceTree = "<group>"; };
		F23AD9E017FF514000C181FF /* DataRowProtocoll.h */ = {isa = PBXFileReference; fileEncoding = 4; lastKnownFileType = sourcecode.c.h; path = DataRowProtocoll.h; sourceTree = "<group>"; };
		F23AD9E617FF519000C181FF /* CustomMappingProtocoll.h */ = {isa = PBXFileReference; fileEncoding = 4; lastKnownFileType = sourcecode.c.h; path = CustomMappingProtocoll.h; sourceTree = "<group>"; };
		F23AD9E717FF519000C181FF /* ParseDataHandler.h */ = {isa = PBXFileReference; fileEncoding = 4; lastKnownFileType = sourcecode.c.h; path = ParseDataHandler.h; sourceTree = "<group>"; };
		F23AD9E817FF519000C181FF /* ParseDataHandler.m */ = {isa = PBXFileReference; fileEncoding = 4; lastKnownFileType = sourcecode.c.objc; path = ParseDataHandler.m; sourceTree = "<group>"; };
		F23AD9E917FF519000C181FF /* ParseObjectHelper.h */ = {isa = PBXFileReference; fileEncoding = 4; lastKnownFileType = sourcecode.c.h; path = ParseObjectHelper.h; sourceTree = "<group>"; };
		F23AD9EA17FF519000C181FF /* ParseObjectHelper.m */ = {isa = PBXFileReference; fileEncoding = 4; lastKnownFileType = sourcecode.c.objc; path = ParseObjectHelper.m; sourceTree = "<group>"; };
		F23AD9EC17FF519000C181FF /* DataHandlerDelegate.h */ = {isa = PBXFileReference; fileEncoding = 4; lastKnownFileType = sourcecode.c.h; path = DataHandlerDelegate.h; sourceTree = "<group>"; };
		F23AD9ED17FF519000C181FF /* DataHandlerProtocoll.h */ = {isa = PBXFileReference; fileEncoding = 4; lastKnownFileType = sourcecode.c.h; path = DataHandlerProtocoll.h; sourceTree = "<group>"; };
		F23AD9EE17FF519000C181FF /* DataLoaderProtocol.h */ = {isa = PBXFileReference; fileEncoding = 4; lastKnownFileType = sourcecode.c.h; path = DataLoaderProtocol.h; sourceTree = "<group>"; };
		F23AD9EF17FF519000C181FF /* QueryConstrains.h */ = {isa = PBXFileReference; fileEncoding = 4; lastKnownFileType = sourcecode.c.h; path = QueryConstrains.h; sourceTree = "<group>"; };
		F23AD9F017FF519000C181FF /* QueryConstrains.m */ = {isa = PBXFileReference; fileEncoding = 4; lastKnownFileType = sourcecode.c.objc; path = QueryConstrains.m; sourceTree = "<group>"; };
		F23AD9F117FF519000C181FF /* SQLiteDataHandler.h */ = {isa = PBXFileReference; fileEncoding = 4; lastKnownFileType = sourcecode.c.h; path = SQLiteDataHandler.h; sourceTree = "<group>"; };
		F23AD9F217FF519000C181FF /* SQLiteDataHandler.m */ = {isa = PBXFileReference; fileEncoding = 4; lastKnownFileType = sourcecode.c.objc; path = SQLiteDataHandler.m; sourceTree = "<group>"; };
		F23AD9F717FF523A00C181FF /* constants.h */ = {isa = PBXFileReference; lastKnownFileType = sourcecode.c.h; path = constants.h; sourceTree = "<group>"; };
		F24E612917FF64840048254B /* MainView.h */ = {isa = PBXFileReference; fileEncoding = 4; lastKnownFileType = sourcecode.c.h; name = MainView.h; path = Views/MainView/MainView.h; sourceTree = "<group>"; };
		F24E612A17FF64840048254B /* MainView.m */ = {isa = PBXFileReference; fileEncoding = 4; lastKnownFileType = sourcecode.c.objc; name = MainView.m; path = Views/MainView/MainView.m; sourceTree = "<group>"; };
		F24E612E17FF88AD0048254B /* NSTimer+Blocks.h */ = {isa = PBXFileReference; fileEncoding = 4; lastKnownFileType = sourcecode.c.h; path = "NSTimer+Blocks.h"; sourceTree = "<group>"; };
		F24E612F17FF88AD0048254B /* NSTimer+Blocks.m */ = {isa = PBXFileReference; fileEncoding = 4; lastKnownFileType = sourcecode.c.objc; path = "NSTimer+Blocks.m"; sourceTree = "<group>"; };
		F2B5551117FF925A00411F7A /* NewLend.h */ = {isa = PBXFileReference; fileEncoding = 4; lastKnownFileType = sourcecode.c.h; name = NewLend.h; path = Views/InputViews/NewLend.h; sourceTree = "<group>"; };
		F2B5551217FF925A00411F7A /* NewLend.m */ = {isa = PBXFileReference; fileEncoding = 4; lastKnownFileType = sourcecode.c.objc; name = NewLend.m; path = Views/InputViews/NewLend.m; sourceTree = "<group>"; };
/* End PBXFileReference section */

/* Begin PBXFrameworksBuildPhase section */
		F23AD95217FF17DB00C181FF /* Frameworks */ = {
			isa = PBXFrameworksBuildPhase;
			buildActionMask = 2147483647;
			files = (
				F23AD9C917FF1E7100C181FF /* libsqlite3.dylib in Frameworks */,
				F23AD9BD17FF1AD300C181FF /* SystemConfiguration.framework in Frameworks */,
				F23AD9BC17FF1AD300C181FF /* StoreKit.framework in Frameworks */,
				F23AD9C717FF1DC300C181FF /* QuartzCore.framework in Frameworks */,
				F23AD9C517FF1DB900C181FF /* MobileCoreServices.framework in Frameworks */,
				F23AD9C317FF1DB000C181FF /* libz.1.1.3.dylib in Frameworks */,
				E89882C417FF391800180448 /* Parse.framework in Frameworks */,
				F23AD9C117FF1DA700C181FF /* CoreLocation.framework in Frameworks */,
				F23AD9BF17FF1D5100C181FF /* AudioToolbox.framework in Frameworks */,
				F23AD9B417FF1AD300C181FF /* AdSupport.framework in Frameworks */,
				F23AD9B517FF1AD300C181FF /* AVFoundation.framework in Frameworks */,
				F23AD9B617FF1AD300C181FF /* CFNetwork.framework in Frameworks */,
				F23AD9B717FF1AD300C181FF /* CoreData.framework in Frameworks */,
				F23AD9B817FF1AD300C181FF /* CoreFoundation.framework in Frameworks */,
				F23AD9B917FF1AD300C181FF /* EventKit.framework in Frameworks */,
				F23AD9BA17FF1AD300C181FF /* Security.framework in Frameworks */,
				F23AD9BB17FF1AD300C181FF /* Social.framework in Frameworks */,
				F23AD95917FF17DB00C181FF /* Foundation.framework in Frameworks */,
				F23AD95D17FF17DB00C181FF /* UIKit.framework in Frameworks */,
				F23AD95B17FF17DB00C181FF /* CoreGraphics.framework in Frameworks */,
				F23AD99317FF1A0500C181FF /* Parse.framework in Frameworks */,
			);
			runOnlyForDeploymentPostprocessing = 0;
		};
		F23AD97617FF17DC00C181FF /* Frameworks */ = {
			isa = PBXFrameworksBuildPhase;
			buildActionMask = 2147483647;
			files = (
				F23AD97B17FF17DC00C181FF /* XCTest.framework in Frameworks */,
				F23AD97D17FF17DC00C181FF /* UIKit.framework in Frameworks */,
				F23AD97C17FF17DC00C181FF /* Foundation.framework in Frameworks */,
			);
			runOnlyForDeploymentPostprocessing = 0;
		};
/* End PBXFrameworksBuildPhase section */

/* Begin PBXGroup section */
		E898828117FF2E4D00180448 /* Model */ = {
			isa = PBXGroup;
			children = (
				E898827E17FF2E4500180448 /* Friend.h */,
				E898827F17FF2E4500180448 /* Friend.m */,
				E898828217FF2EC800180448 /* Profile.h */,
				E898828317FF2EC800180448 /* Profile.m */,
				E898828817FF2F4E00180448 /* LendInteraction.h */,
				E898828917FF2F4E00180448 /* LendInteraction.m */,
			);
			name = Model;
			path = Data;
			sourceTree = "<group>";
		};
		F23AD94C17FF17DB00C181FF = {
			isa = PBXGroup;
			children = (
				E89882C317FF391800180448 /* Parse.framework */,
				F23AD95E17FF17DB00C181FF /* poke */,
				F23AD98017FF17DC00C181FF /* pokeTests */,
				F23AD95717FF17DB00C181FF /* Frameworks */,
				F23AD95617FF17DB00C181FF /* Products */,
			);
			sourceTree = "<group>";
		};
		F23AD95617FF17DB00C181FF /* Products */ = {
			isa = PBXGroup;
			children = (
				F23AD95517FF17DB00C181FF /* poke.app */,
				F23AD97917FF17DC00C181FF /* pokeTests.xctest */,
			);
			name = Products;
			sourceTree = "<group>";
		};
		F23AD95717FF17DB00C181FF /* Frameworks */ = {
			isa = PBXGroup;
			children = (
				F23AD9C817FF1E7100C181FF /* libsqlite3.dylib */,
				F23AD9C617FF1DC300C181FF /* QuartzCore.framework */,
				F23AD9C417FF1DB900C181FF /* MobileCoreServices.framework */,
				F23AD9C217FF1DB000C181FF /* libz.1.1.3.dylib */,
				F23AD9C017FF1DA700C181FF /* CoreLocation.framework */,
				F23AD9BE17FF1D5100C181FF /* AudioToolbox.framework */,
				F23AD9AA17FF1AD300C181FF /* AdSupport.framework */,
				F23AD9AB17FF1AD300C181FF /* AVFoundation.framework */,
				F23AD9AC17FF1AD300C181FF /* CFNetwork.framework */,
				F23AD9AD17FF1AD300C181FF /* CoreData.framework */,
				F23AD9AE17FF1AD300C181FF /* CoreFoundation.framework */,
				F23AD9AF17FF1AD300C181FF /* EventKit.framework */,
				F23AD9B017FF1AD300C181FF /* Security.framework */,
				F23AD9B117FF1AD300C181FF /* Social.framework */,
				F23AD9B217FF1AD300C181FF /* StoreKit.framework */,
				F23AD9B317FF1AD300C181FF /* SystemConfiguration.framework */,
				F23AD99117FF1A0500C181FF /* Parse.framework */,
				F23AD95817FF17DB00C181FF /* Foundation.framework */,
				F23AD95A17FF17DB00C181FF /* CoreGraphics.framework */,
				F23AD95C17FF17DB00C181FF /* UIKit.framework */,
				F23AD97A17FF17DC00C181FF /* XCTest.framework */,
			);
			name = Frameworks;
			sourceTree = "<group>";
		};
		F23AD95E17FF17DB00C181FF /* poke */ = {
			isa = PBXGroup;
			children = (
				E898828117FF2E4D00180448 /* Model */,
				F23AD9CF17FF49FE00C181FF /* Utils */,
				F23AD9CA17FF2EDF00C181FF /* Views */,
				F23AD99417FF1A2400C181FF /* Data */,
				F23AD96717FF17DB00C181FF /* AppDelegate.h */,
				F23AD96817FF17DB00C181FF /* AppDelegate.m */,
				F23AD9F717FF523A00C181FF /* constants.h */,
				F23AD9A917FF1A4B00C181FF /* ViewControllers */,
				F23AD97317FF17DB00C181FF /* Images.xcassets */,
				F23AD95F17FF17DB00C181FF /* Supporting Files */,
			);
			path = poke;
			sourceTree = "<group>";
		};
		F23AD95F17FF17DB00C181FF /* Supporting Files */ = {
			isa = PBXGroup;
			children = (
				F23AD96017FF17DB00C181FF /* poke-Info.plist */,
				F23AD96117FF17DB00C181FF /* InfoPlist.strings */,
				F23AD96417FF17DB00C181FF /* main.m */,
				F23AD96617FF17DB00C181FF /* poke-Prefix.pch */,
			);
			name = "Supporting Files";
			sourceTree = "<group>";
		};
		F23AD98017FF17DC00C181FF /* pokeTests */ = {
			isa = PBXGroup;
			children = (
				F23AD98617FF17DC00C181FF /* pokeTests.m */,
				F23AD98117FF17DC00C181FF /* Supporting Files */,
			);
			path = pokeTests;
			sourceTree = "<group>";
		};
		F23AD98117FF17DC00C181FF /* Supporting Files */ = {
			isa = PBXGroup;
			children = (
				F23AD98217FF17DC00C181FF /* pokeTests-Info.plist */,
				F23AD98317FF17DC00C181FF /* InfoPlist.strings */,
			);
			name = "Supporting Files";
			sourceTree = "<group>";
		};
		F23AD99417FF1A2400C181FF /* Data */ = {
			isa = PBXGroup;
			children = (
				F23AD9D817FF514000C181FF /* BaseDataHandler.h */,
				F23AD9D917FF514000C181FF /* BaseDataHandler.m */,
				F23AD9DA17FF514000C181FF /* BaseDataObject.h */,
				F23AD9DB17FF514000C181FF /* BaseDataObject.m */,
				F23AD9DC17FF514000C181FF /* BaseDataObjectProtocoll.h */,
				F23AD9DD17FF514000C181FF /* CompositeDataHandler.h */,
				F23AD9DE17FF514000C181FF /* CompositeDataHandler.m */,
				F23AD9DF17FF514000C181FF /* DataLayer.h */,
				F23AD9E517FF519000C181FF /* Parse */,
				F23AD9EB17FF519000C181FF /* SQLite */,
				F23AD9E017FF514000C181FF /* DataRowProtocoll.h */,
			);
			path = Data;
			sourceTree = "<group>";
		};
		F23AD9A917FF1A4B00C181FF /* ViewControllers */ = {
			isa = PBXGroup;
			children = (
				F23AD9A617FF1A4600C181FF /* RootViewController.h */,
				F23AD9A717FF1A4600C181FF /* RootViewController.m */,
			);
			name = ViewControllers;
			sourceTree = "<group>";
		};
		F23AD9CA17FF2EDF00C181FF /* Views */ = {
			isa = PBXGroup;
			children = (
				F23AD9CB17FF2EEF00C181FF /* Cell */,
				F2B5551017FF923F00411F7A /* InputViews */,
				F24E612C17FF64890048254B /* MainView */,
			);
			name = Views;
			sourceTree = "<group>";
		};
		F23AD9CB17FF2EEF00C181FF /* Cell */ = {
			isa = PBXGroup;
			children = (
				F23AD9CC17FF2F1200C181FF /* MainTableCell.h */,
				F23AD9CD17FF2F1200C181FF /* MainTableCell.m */,
			);
			name = Cell;
			sourceTree = "<group>";
		};
		F23AD9CF17FF49FE00C181FF /* Utils */ = {
			isa = PBXGroup;
			children = (
				F24E612D17FF88AD0048254B /* NSTimer */,
				F23AD9D017FF49FE00C181FF /* UIColor */,
			);
			name = Utils;
			path = poke/Utils;
			sourceTree = SOURCE_ROOT;
		};
		F23AD9D017FF49FE00C181FF /* UIColor */ = {
			isa = PBXGroup;
			children = (
				F23AD9D117FF49FE00C181FF /* UIColor+Utils.h */,
				F23AD9D217FF49FE00C181FF /* UIColor+Utils.m */,
			);
			path = UIColor;
			sourceTree = "<group>";
		};
		F23AD9E517FF519000C181FF /* Parse */ = {
			isa = PBXGroup;
			children = (
				F23AD9E617FF519000C181FF /* CustomMappingProtocoll.h */,
				F23AD9E717FF519000C181FF /* ParseDataHandler.h */,
				F23AD9E817FF519000C181FF /* ParseDataHandler.m */,
				F23AD9E917FF519000C181FF /* ParseObjectHelper.h */,
				F23AD9EA17FF519000C181FF /* ParseObjectHelper.m */,
			);
			path = Parse;
			sourceTree = "<group>";
		};
		F23AD9EB17FF519000C181FF /* SQLite */ = {
			isa = PBXGroup;
			children = (
				F23AD9EC17FF519000C181FF /* DataHandlerDelegate.h */,
				F23AD9ED17FF519000C181FF /* DataHandlerProtocoll.h */,
				F23AD9EE17FF519000C181FF /* DataLoaderProtocol.h */,
				F23AD9EF17FF519000C181FF /* QueryConstrains.h */,
				F23AD9F017FF519000C181FF /* QueryConstrains.m */,
				F23AD9F117FF519000C181FF /* SQLiteDataHandler.h */,
				F23AD9F217FF519000C181FF /* SQLiteDataHandler.m */,
			);
			path = SQLite;
			sourceTree = "<group>";
		};
		F24E612C17FF64890048254B /* MainView */ = {
			isa = PBXGroup;
			children = (
				F24E612917FF64840048254B /* MainView.h */,
				F24E612A17FF64840048254B /* MainView.m */,
			);
			name = MainView;
			sourceTree = "<group>";
		};
		F24E612D17FF88AD0048254B /* NSTimer */ = {
			isa = PBXGroup;
			children = (
				F24E612E17FF88AD0048254B /* NSTimer+Blocks.h */,
				F24E612F17FF88AD0048254B /* NSTimer+Blocks.m */,
			);
			path = NSTimer;
			sourceTree = "<group>";
		};
		F2B5551017FF923F00411F7A /* InputViews */ = {
			isa = PBXGroup;
			children = (
				F2B5551117FF925A00411F7A /* NewLend.h */,
				F2B5551217FF925A00411F7A /* NewLend.m */,
			);
			name = InputViews;
			sourceTree = "<group>";
		};
/* End PBXGroup section */

/* Begin PBXNativeTarget section */
		F23AD95417FF17DB00C181FF /* poke */ = {
			isa = PBXNativeTarget;
			buildConfigurationList = F23AD98A17FF17DC00C181FF /* Build configuration list for PBXNativeTarget "poke" */;
			buildPhases = (
				F23AD95117FF17DB00C181FF /* Sources */,
				F23AD95217FF17DB00C181FF /* Frameworks */,
				F23AD95317FF17DB00C181FF /* Resources */,
			);
			buildRules = (
			);
			dependencies = (
			);
			name = poke;
			productName = poke;
			productReference = F23AD95517FF17DB00C181FF /* poke.app */;
			productType = "com.apple.product-type.application";
		};
		F23AD97817FF17DC00C181FF /* pokeTests */ = {
			isa = PBXNativeTarget;
			buildConfigurationList = F23AD98D17FF17DC00C181FF /* Build configuration list for PBXNativeTarget "pokeTests" */;
			buildPhases = (
				F23AD97517FF17DC00C181FF /* Sources */,
				F23AD97617FF17DC00C181FF /* Frameworks */,
				F23AD97717FF17DC00C181FF /* Resources */,
			);
			buildRules = (
			);
			dependencies = (
				F23AD97F17FF17DC00C181FF /* PBXTargetDependency */,
			);
			name = pokeTests;
			productName = pokeTests;
			productReference = F23AD97917FF17DC00C181FF /* pokeTests.xctest */;
			productType = "com.apple.product-type.bundle.unit-test";
		};
/* End PBXNativeTarget section */

/* Begin PBXProject section */
		F23AD94D17FF17DB00C181FF /* Project object */ = {
			isa = PBXProject;
			attributes = {
				LastUpgradeCheck = 0500;
				ORGANIZATIONNAME = Distinction;
				TargetAttributes = {
					F23AD97817FF17DC00C181FF = {
						TestTargetID = F23AD95417FF17DB00C181FF;
					};
				};
			};
			buildConfigurationList = F23AD95017FF17DB00C181FF /* Build configuration list for PBXProject "poke" */;
			compatibilityVersion = "Xcode 3.2";
			developmentRegion = English;
			hasScannedForEncodings = 0;
			knownRegions = (
				en,
				Base,
			);
			mainGroup = F23AD94C17FF17DB00C181FF;
			productRefGroup = F23AD95617FF17DB00C181FF /* Products */;
			projectDirPath = "";
			projectRoot = "";
			targets = (
				F23AD95417FF17DB00C181FF /* poke */,
				F23AD97817FF17DC00C181FF /* pokeTests */,
			);
		};
/* End PBXProject section */

/* Begin PBXResourcesBuildPhase section */
		F23AD95317FF17DB00C181FF /* Resources */ = {
			isa = PBXResourcesBuildPhase;
			buildActionMask = 2147483647;
			files = (
				F23AD97417FF17DB00C181FF /* Images.xcassets in Resources */,
				F23AD96317FF17DB00C181FF /* InfoPlist.strings in Resources */,
			);
			runOnlyForDeploymentPostprocessing = 0;
		};
		F23AD97717FF17DC00C181FF /* Resources */ = {
			isa = PBXResourcesBuildPhase;
			buildActionMask = 2147483647;
			files = (
				F23AD98517FF17DC00C181FF /* InfoPlist.strings in Resources */,
			);
			runOnlyForDeploymentPostprocessing = 0;
		};
/* End PBXResourcesBuildPhase section */

/* Begin PBXSourcesBuildPhase section */
		F23AD95117FF17DB00C181FF /* Sources */ = {
			isa = PBXSourcesBuildPhase;
			buildActionMask = 2147483647;
			files = (
				F23AD9A817FF1A4600C181FF /* RootViewController.m in Sources */,
				F23AD96917FF17DB00C181FF /* AppDelegate.m in Sources */,
				E898828417FF2EC800180448 /* Profile.m in Sources */,
				E898828017FF2E4500180448 /* Friend.m in Sources */,
				F23AD9F417FF519000C181FF /* ParseObjectHelper.m in Sources */,
				F24E612B17FF64840048254B /* MainView.m in Sources */,
				F23AD9F617FF519000C181FF /* SQLiteDataHandler.m in Sources */,
				F2B5551317FF925A00411F7A /* NewLend.m in Sources */,
				F23AD96517FF17DB00C181FF /* main.m in Sources */,
				F23AD9F517FF519000C181FF /* QueryConstrains.m in Sources */,
				F23AD9E317FF514000C181FF /* BaseDataObject.m in Sources */,
				F23AD9E417FF514000C181FF /* CompositeDataHandler.m in Sources */,
				F23AD9D317FF49FE00C181FF /* UIColor+Utils.m in Sources */,
				F23AD9F317FF519000C181FF /* ParseDataHandler.m in Sources */,
				F23AD9E217FF514000C181FF /* BaseDataHandler.m in Sources */,
				E898828A17FF2F4E00180448 /* LendInteraction.m in Sources */,
				F23AD9CE17FF2F1200C181FF /* MainTableCell.m in Sources */,
				F24E613017FF88AD0048254B /* NSTimer+Blocks.m in Sources */,
			);
			runOnlyForDeploymentPostprocessing = 0;
		};
		F23AD97517FF17DC00C181FF /* Sources */ = {
			isa = PBXSourcesBuildPhase;
			buildActionMask = 2147483647;
			files = (
				F23AD98717FF17DC00C181FF /* pokeTests.m in Sources */,
			);
			runOnlyForDeploymentPostprocessing = 0;
		};
/* End PBXSourcesBuildPhase section */

/* Begin PBXTargetDependency section */
		F23AD97F17FF17DC00C181FF /* PBXTargetDependency */ = {
			isa = PBXTargetDependency;
			target = F23AD95417FF17DB00C181FF /* poke */;
			targetProxy = F23AD97E17FF17DC00C181FF /* PBXContainerItemProxy */;
		};
/* End PBXTargetDependency section */

/* Begin PBXVariantGroup section */
		F23AD96117FF17DB00C181FF /* InfoPlist.strings */ = {
			isa = PBXVariantGroup;
			children = (
				F23AD96217FF17DB00C181FF /* en */,
			);
			name = InfoPlist.strings;
			sourceTree = "<group>";
		};
		F23AD98317FF17DC00C181FF /* InfoPlist.strings */ = {
			isa = PBXVariantGroup;
			children = (
				F23AD98417FF17DC00C181FF /* en */,
			);
			name = InfoPlist.strings;
			sourceTree = "<group>";
		};
/* End PBXVariantGroup section */

/* Begin XCBuildConfiguration section */
		F23AD98817FF17DC00C181FF /* Debug */ = {
			isa = XCBuildConfiguration;
			buildSettings = {
				ALWAYS_SEARCH_USER_PATHS = NO;
				ARCHS = "$(ARCHS_STANDARD_INCLUDING_64_BIT)";
				CLANG_CXX_LANGUAGE_STANDARD = "gnu++0x";
				CLANG_CXX_LIBRARY = "libc++";
				CLANG_ENABLE_MODULES = YES;
				CLANG_ENABLE_OBJC_ARC = YES;
				CLANG_WARN_BOOL_CONVERSION = YES;
				CLANG_WARN_CONSTANT_CONVERSION = YES;
				CLANG_WARN_DIRECT_OBJC_ISA_USAGE = YES_ERROR;
				CLANG_WARN_EMPTY_BODY = YES;
				CLANG_WARN_ENUM_CONVERSION = YES;
				CLANG_WARN_INT_CONVERSION = YES;
				CLANG_WARN_OBJC_ROOT_CLASS = YES_ERROR;
				CLANG_WARN__DUPLICATE_METHOD_MATCH = YES;
				"CODE_SIGN_IDENTITY[sdk=iphoneos*]" = "iPhone Developer";
				COPY_PHASE_STRIP = NO;
				GCC_C_LANGUAGE_STANDARD = gnu99;
				GCC_DYNAMIC_NO_PIC = NO;
				GCC_OPTIMIZATION_LEVEL = 0;
				GCC_PREPROCESSOR_DEFINITIONS = (
					"DEBUG=1",
					"$(inherited)",
				);
				GCC_SYMBOLS_PRIVATE_EXTERN = NO;
				GCC_WARN_64_TO_32_BIT_CONVERSION = YES;
				GCC_WARN_ABOUT_RETURN_TYPE = YES_ERROR;
				GCC_WARN_UNDECLARED_SELECTOR = YES;
				GCC_WARN_UNINITIALIZED_AUTOS = YES;
				GCC_WARN_UNUSED_FUNCTION = YES;
				GCC_WARN_UNUSED_VARIABLE = YES;
				IPHONEOS_DEPLOYMENT_TARGET = 7.0;
				ONLY_ACTIVE_ARCH = YES;
				SDKROOT = iphoneos;
				TARGETED_DEVICE_FAMILY = "1,2";
			};
			name = Debug;
		};
		F23AD98917FF17DC00C181FF /* Release */ = {
			isa = XCBuildConfiguration;
			buildSettings = {
				ALWAYS_SEARCH_USER_PATHS = NO;
				ARCHS = "$(ARCHS_STANDARD_INCLUDING_64_BIT)";
				CLANG_CXX_LANGUAGE_STANDARD = "gnu++0x";
				CLANG_CXX_LIBRARY = "libc++";
				CLANG_ENABLE_MODULES = YES;
				CLANG_ENABLE_OBJC_ARC = YES;
				CLANG_WARN_BOOL_CONVERSION = YES;
				CLANG_WARN_CONSTANT_CONVERSION = YES;
				CLANG_WARN_DIRECT_OBJC_ISA_USAGE = YES_ERROR;
				CLANG_WARN_EMPTY_BODY = YES;
				CLANG_WARN_ENUM_CONVERSION = YES;
				CLANG_WARN_INT_CONVERSION = YES;
				CLANG_WARN_OBJC_ROOT_CLASS = YES_ERROR;
				CLANG_WARN__DUPLICATE_METHOD_MATCH = YES;
				"CODE_SIGN_IDENTITY[sdk=iphoneos*]" = "iPhone Developer";
				COPY_PHASE_STRIP = YES;
				ENABLE_NS_ASSERTIONS = NO;
				GCC_C_LANGUAGE_STANDARD = gnu99;
				GCC_WARN_64_TO_32_BIT_CONVERSION = YES;
				GCC_WARN_ABOUT_RETURN_TYPE = YES_ERROR;
				GCC_WARN_UNDECLARED_SELECTOR = YES;
				GCC_WARN_UNINITIALIZED_AUTOS = YES;
				GCC_WARN_UNUSED_FUNCTION = YES;
				GCC_WARN_UNUSED_VARIABLE = YES;
				IPHONEOS_DEPLOYMENT_TARGET = 7.0;
				SDKROOT = iphoneos;
				TARGETED_DEVICE_FAMILY = "1,2";
				VALIDATE_PRODUCT = YES;
			};
			name = Release;
		};
		F23AD98B17FF17DC00C181FF /* Debug */ = {
			isa = XCBuildConfiguration;
			buildSettings = {
				ASSETCATALOG_COMPILER_APPICON_NAME = AppIcon;
				ASSETCATALOG_COMPILER_LAUNCHIMAGE_NAME = LaunchImage;
				FRAMEWORK_SEARCH_PATHS = (
					"$(inherited)",
					/Users/csacsika/Documents/OldDropbox/DEV/DistinctionHackaton/poke/poke,
					/Users/csomakk/poke/poke,
				);
				GCC_PRECOMPILE_PREFIX_HEADER = YES;
				GCC_PREFIX_HEADER = "poke/poke-Prefix.pch";
				INFOPLIST_FILE = "poke/poke-Info.plist";
				PRODUCT_NAME = "$(TARGET_NAME)";
				TARGETED_DEVICE_FAMILY = "1,2";
				WRAPPER_EXTENSION = app;
			};
			name = Debug;
		};
		F23AD98C17FF17DC00C181FF /* Release */ = {
			isa = XCBuildConfiguration;
			buildSettings = {
				ASSETCATALOG_COMPILER_APPICON_NAME = AppIcon;
				ASSETCATALOG_COMPILER_LAUNCHIMAGE_NAME = LaunchImage;
				FRAMEWORK_SEARCH_PATHS = (
					"$(inherited)",
					/Users/csacsika/Documents/OldDropbox/DEV/DistinctionHackaton/poke/poke,
					/Users/csomakk/poke/poke,
				);
				GCC_PRECOMPILE_PREFIX_HEADER = YES;
				GCC_PREFIX_HEADER = "poke/poke-Prefix.pch";
				INFOPLIST_FILE = "poke/poke-Info.plist";
				PRODUCT_NAME = "$(TARGET_NAME)";
				TARGETED_DEVICE_FAMILY = "1,2";
				WRAPPER_EXTENSION = app;
			};
			name = Release;
		};
		F23AD98E17FF17DC00C181FF /* Debug */ = {
			isa = XCBuildConfiguration;
			buildSettings = {
				ARCHS = "$(ARCHS_STANDARD_INCLUDING_64_BIT)";
				BUNDLE_LOADER = "$(BUILT_PRODUCTS_DIR)/poke.app/poke";
				FRAMEWORK_SEARCH_PATHS = (
					"$(SDKROOT)/Developer/Library/Frameworks",
					"$(inherited)",
					"$(DEVELOPER_FRAMEWORKS_DIR)",
				);
				GCC_PRECOMPILE_PREFIX_HEADER = YES;
				GCC_PREFIX_HEADER = "poke/poke-Prefix.pch";
				GCC_PREPROCESSOR_DEFINITIONS = (
					"DEBUG=1",
					"$(inherited)",
				);
				INFOPLIST_FILE = "pokeTests/pokeTests-Info.plist";
				PRODUCT_NAME = "$(TARGET_NAME)";
				TEST_HOST = "$(BUNDLE_LOADER)";
				WRAPPER_EXTENSION = xctest;
			};
			name = Debug;
		};
		F23AD98F17FF17DC00C181FF /* Release */ = {
			isa = XCBuildConfiguration;
			buildSettings = {
				ARCHS = "$(ARCHS_STANDARD_INCLUDING_64_BIT)";
				BUNDLE_LOADER = "$(BUILT_PRODUCTS_DIR)/poke.app/poke";
				FRAMEWORK_SEARCH_PATHS = (
					"$(SDKROOT)/Developer/Library/Frameworks",
					"$(inherited)",
					"$(DEVELOPER_FRAMEWORKS_DIR)",
				);
				GCC_PRECOMPILE_PREFIX_HEADER = YES;
				GCC_PREFIX_HEADER = "poke/poke-Prefix.pch";
				INFOPLIST_FILE = "pokeTests/pokeTests-Info.plist";
				PRODUCT_NAME = "$(TARGET_NAME)";
				TEST_HOST = "$(BUNDLE_LOADER)";
				WRAPPER_EXTENSION = xctest;
			};
			name = Release;
		};
/* End XCBuildConfiguration section */

/* Begin XCConfigurationList section */
		F23AD95017FF17DB00C181FF /* Build configuration list for PBXProject "poke" */ = {
			isa = XCConfigurationList;
			buildConfigurations = (
				F23AD98817FF17DC00C181FF /* Debug */,
				F23AD98917FF17DC00C181FF /* Release */,
			);
			defaultConfigurationIsVisible = 0;
			defaultConfigurationName = Release;
		};
		F23AD98A17FF17DC00C181FF /* Build configuration list for PBXNativeTarget "poke" */ = {
			isa = XCConfigurationList;
			buildConfigurations = (
				F23AD98B17FF17DC00C181FF /* Debug */,
				F23AD98C17FF17DC00C181FF /* Release */,
			);
			defaultConfigurationIsVisible = 0;
			defaultConfigurationName = Release;
		};
		F23AD98D17FF17DC00C181FF /* Build configuration list for PBXNativeTarget "pokeTests" */ = {
			isa = XCConfigurationList;
			buildConfigurations = (
				F23AD98E17FF17DC00C181FF /* Debug */,
				F23AD98F17FF17DC00C181FF /* Release */,
			);
			defaultConfigurationIsVisible = 0;
			defaultConfigurationName = Release;
		};
/* End XCConfigurationList section */
	};
	rootObject = F23AD94D17FF17DB00C181FF /* Project object */;
}
